
Microsoft Visual Studio Solution File, Format Version 12.00
# Visual Studio 15
VisualStudioVersion = 15.0.28010.2048
MinimumVisualStudioVersion = 10.0.40219.1
Project("{FAE04EC0-301F-11D3-BF4B-00C04F79EFBC}") = "TPVF", "TPVF\TPVF.csproj", "{DA276622-6526-4712-8605-A38FA3D36811}"
EndProject
Global
	GlobalSection(SolutionConfigurationPlatforms) = preSolution
		Debug|Any CPU = Debug|Any CPU
		Release|Any CPU = Release|Any CPU
	EndGlobalSection
	GlobalSection(ProjectConfigurationPlatforms) = postSolution
		{DA276622-6526-4712-8605-A38FA3D36811}.Debug|Any CPU.ActiveCfg = Debug|Any CPU
		{DA276622-6526-4712-8605-A38FA3D36811}.Debug|Any CPU.Build.0 = Debug|Any CPU
		{DA276622-6526-4712-8605-A38FA3D36811}.Release|Any CPU.ActiveCfg = Release|Any CPU
		{DA276622-6526-4712-8605-A38FA3D36811}.Release|Any CPU.Build.0 = Release|Any CPU
	EndGlobalSection
	GlobalSection(SolutionProperties) = preSolution
		HideSolutionNode = FALSE
	EndGlobalSection
	GlobalSection(ExtensibilityGlobals) = postSolution
		SolutionGuid = {907D8A78-26B9-484F-A018-64FE7555B924}
	EndGlobalSection
EndGlobal
